
Microsoft Visual Studio Solution File, Format Version 12.00
# Visual Studio 15
VisualStudioVersion = 15.0.28307.779
MinimumVisualStudioVersion = 10.0.40219.1
Project("{FAE04EC0-301F-11D3-BF4B-00C04F79EFBC}") = "sockMerchant", "HackersRank\sockMerchant.csproj", "{5A5D0DE1-5446-4E59-913C-8526720E8FBF}"
EndProject
Project("{FAE04EC0-301F-11D3-BF4B-00C04F79EFBC}") = "countingValleys", "countingValleys\countingValleys.csproj", "{C00D0823-5783-4E01-B01D-D1CA4FA870CC}"
EndProject
Project("{FAE04EC0-301F-11D3-BF4B-00C04F79EFBC}") = "jumpingOnClouds", "jumpingOnClouds\jumpingOnClouds.csproj", "{9B1FA284-32D8-46A6-AB2B-9FD4F416A8A8}"
EndProject
Project("{FAE04EC0-301F-11D3-BF4B-00C04F79EFBC}") = "repeatedString", "repeatedString\repeatedString.csproj", "{0C756384-F252-49DA-B43F-DA0380307B56}"
EndProject
Project("{FAE04EC0-301F-11D3-BF4B-00C04F79EFBC}") = "BonAppetit", "BonAppetit\BonAppetit.csproj", "{9E587606-0EF3-440A-B0C0-F23D307954E6}"
EndProject
Project("{2150E333-8FDC-42A3-9474-1A3956D46DE8}") = "Algorithms", "Algorithms", "{3D695C86-AA3E-46BD-B720-92E0DF794197}"
EndProject
Project("{FAE04EC0-301F-11D3-BF4B-00C04F79EFBC}") = "SelectionSort", "SelectionSort\SelectionSort.csproj", "{1F9D54E8-6DD5-47B6-8725-BAB132C1484F}"
EndProject
Project("{9A19103F-16F7-4668-BE54-9A1E7A4F7556}") = "ExtentionMethods", "ExtentionMethods\ExtentionMethods.csproj", "{66EA89C5-D151-4574-9DAE-363BAC36FE98}"
EndProject
Project("{FAE04EC0-301F-11D3-BF4B-00C04F79EFBC}") = "minimumDistances", "minimumDistances\minimumDistances.csproj", "{A9A44719-B232-44B4-8D83-FC98E40A1178}"
EndProject
Project("{FAE04EC0-301F-11D3-BF4B-00C04F79EFBC}") = "timeInWords", "timeInWords\timeInWords.csproj", "{B0A37C25-C090-436C-952E-A0A27FA7708C}"
EndProject
Project("{FAE04EC0-301F-11D3-BF4B-00C04F79EFBC}") = "minimumBribes", "minimumBribes\minimumBribes.csproj", "{B12F1E10-5DBC-4859-BE70-F34082B1CA1E}"
EndProject
Project("{FAE04EC0-301F-11D3-BF4B-00C04F79EFBC}") = "MinimumSwaps2", "MinimumSwaps2\MinimumSwaps2.csproj", "{916C97E6-A003-422A-8EE2-54E532B38704}"
EndProject
Project("{FAE04EC0-301F-11D3-BF4B-00C04F79EFBC}") = "BubbleSort", "BubbleSort\BubbleSort.csproj", "{08BCD3F0-84F7-4269-AE5D-C1BA4A6DABAE}"
EndProject
Project("{FAE04EC0-301F-11D3-BF4B-00C04F79EFBC}") = "superReducedString", "superReducedString\superReducedString.csproj", "{EBCFB774-568A-46F5-B93C-38AE59B5A58E}"
EndProject
Project("{FAE04EC0-301F-11D3-BF4B-00C04F79EFBC}") = "kangaroo", "kangaroo\kangaroo.csproj", "{AEA0A09E-CEC9-4F8C-8E14-5333633B48F7}"
EndProject
Project("{FAE04EC0-301F-11D3-BF4B-00C04F79EFBC}") = "birthday", "birthday\birthday.csproj", "{B05895ED-90B6-41C8-9702-855E4A050713}"
EndProject
Project("{FAE04EC0-301F-11D3-BF4B-00C04F79EFBC}") = "divisibleSumPairs", "divisibleSumPairs\divisibleSumPairs.csproj", "{92E07AE2-7EEC-47F7-90E0-B8D71611980F}"
EndProject
Project("{2150E333-8FDC-42A3-9474-1A3956D46DE8}") = "Interview Preparation Kit", "Interview Preparation Kit", "{EF0F3179-D605-43F2-8CE5-F551892D6D0C}"
EndProject
Project("{FAE04EC0-301F-11D3-BF4B-00C04F79EFBC}") = "ArrayManipulation", "arrayManipulation\ArrayManipulation.csproj", "{B8D66B3A-3F21-4636-A256-42DADBBF5A1D}"
EndProject
Project("{2150E333-8FDC-42A3-9474-1A3956D46DE8}") = "Arrays", "Arrays", "{E8680447-EB8C-4A65-881C-CFC9165F9AF6}"
EndProject
Project("{2150E333-8FDC-42A3-9474-1A3956D46DE8}") = "Dictionaries and Hashmaps", "Dictionaries and Hashmaps", "{E0C020C8-7FED-420E-BD07-E9777F6138EC}"
EndProject
Project("{FAE04EC0-301F-11D3-BF4B-00C04F79EFBC}") = "RansomNote", "checkMagazine\RansomNote.csproj", "{27B36503-2A46-4E4A-A562-632FCE15E091}"
EndProject
Project("{FAE04EC0-301F-11D3-BF4B-00C04F79EFBC}") = "twoStrings", "twoStrings\twoStrings.csproj", "{3CC2B26E-107E-430C-9341-AD45DB8DB4E1}"
EndProject
Project("{FAE04EC0-301F-11D3-BF4B-00C04F79EFBC}") = "BasicApp", "BasicApp\BasicApp.csproj", "{FFE1080E-D71E-483C-83F4-676A4CA72F19}"
EndProject
Project("{2150E333-8FDC-42A3-9474-1A3956D46DE8}") = "Strings", "Strings", "{837D3340-B3A5-494D-9D57-0950DFBD6A27}"
EndProject
Project("{FAE04EC0-301F-11D3-BF4B-00C04F79EFBC}") = "MakingAnagrams", "MakingAnagrams\MakingAnagrams.csproj", "{DBF653DA-E4C6-47C8-A8F0-6CB603047F00}"
EndProject
Project("{FAE04EC0-301F-11D3-BF4B-00C04F79EFBC}") = "AlternatingCharacters", "AlternatingCharacters\AlternatingCharacters.csproj", "{9075F55F-35CA-41B7-B8CE-D0A5AE6CFBF3}"
EndProject
Project("{2150E333-8FDC-42A3-9474-1A3956D46DE8}") = "30DaysOfCode", "30DaysOfCode", "{9E595B63-0E1E-44F0-BF88-0351134F44AA}"
EndProject
Project("{FAE04EC0-301F-11D3-BF4B-00C04F79EFBC}") = "00. HelloWorld", "HelloWorld\00. HelloWorld.csproj", "{1CAEB57C-467C-4AC3-B8E1-0EE6A47AF2C1}"
EndProject
Project("{FAE04EC0-301F-11D3-BF4B-00C04F79EFBC}") = "2DArrayDS", "2DArrayDS\2DArrayDS.csproj", "{663CAA76-2552-4A38-B370-403A5EAB5F0C}"
EndProject
Project("{FAE04EC0-301F-11D3-BF4B-00C04F79EFBC}") = "01. DataTypes", "DataTypes\01. DataTypes.csproj", "{13D46475-7523-4CA9-8D38-DEB64834B28E}"
EndProject
Project("{FAE04EC0-301F-11D3-BF4B-00C04F79EFBC}") = "SherlockAndAnagrams", "SherlockAndAnagrams\SherlockAndAnagrams.csproj", "{413A422A-54CF-4F3E-8CE6-B323E079D885}"
EndProject
Project("{FAE04EC0-301F-11D3-BF4B-00C04F79EFBC}") = "AAAPlayGround", "AAAPlayGround\AAAPlayGround.csproj", "{F8D3F3AA-6821-462A-805D-CC7180E6CAED}"
EndProject
Project("{2150E333-8FDC-42A3-9474-1A3956D46DE8}") = "DataStructures", "DataStructures", "{CCFE5707-E98D-4E73-863C-BCDC3B11DBE2}"
EndProject
Project("{FAE04EC0-301F-11D3-BF4B-00C04F79EFBC}") = "LinearDataStructures", "LinearDataStructures\LinearDataStructures.csproj", "{355F86D8-69E0-4EEC-84C4-CEF965EEDE0F}"
EndProject
Project("{2150E333-8FDC-42A3-9474-1A3956D46DE8}") = "LINQ", "LINQ", "{F270475C-3715-4AEE-B0B4-2007B4220E26}"
EndProject
Project("{FAE04EC0-301F-11D3-BF4B-00C04F79EFBC}") = "Linq", "Linq\Linq.csproj", "{70A7B66B-E1C9-40F8-BBDB-8F8388BA2146}"
EndProject
Project("{FAE04EC0-301F-11D3-BF4B-00C04F79EFBC}") = "02. Operators", "Operators\02. Operators.csproj", "{833B65C5-4E5E-4DB1-B8DE-DB871E96048E}"
EndProject
Project("{FAE04EC0-301F-11D3-BF4B-00C04F79EFBC}") = "03. IntroToConditionalStatements", "IntrotoConditionalStatements\03. IntroToConditionalStatements.csproj", "{FEF794E3-5D2A-4E5B-90DF-637D6CBBF201}"
EndProject
Project("{FAE04EC0-301F-11D3-BF4B-00C04F79EFBC}") = "04. ClassVSInstance", "ClassVSInstance\04. ClassVSInstance.csproj", "{DF5208EB-6448-4078-ABC5-1C442F1D948F}"
EndProject
Project("{2150E333-8FDC-42A3-9474-1A3956D46DE8}") = "Programming", "Programming", "{1F1DF1E4-0212-4A30-B672-613BBDFB2794}"
EndProject
Project("{FAE04EC0-301F-11D3-BF4B-00C04F79EFBC}") = "Delegates", "Delegates\Delegates.csproj", "{14F911A8-CD92-4955-8E7B-785B52B3DE95}"
EndProject
Project("{FAE04EC0-301F-11D3-BF4B-00C04F79EFBC}") = "06. LetsReview", "LetsReview\06. LetsReview.csproj", "{04BBCBB1-E41C-44AA-AF8A-63FC7163FD58}"
EndProject
Project("{FAE04EC0-301F-11D3-BF4B-00C04F79EFBC}") = "07. Arrays", "Arrays\07. Arrays.csproj", "{03EA9D86-1E22-4697-9184-3CC52180F306}"
EndProject
Project("{FAE04EC0-301F-11D3-BF4B-00C04F79EFBC}") = "05. Loops", "Loops\05. Loops.csproj", "{FB62332F-5A0F-4D0E-8B77-202F43763298}"
EndProject
Project("{2150E333-8FDC-42A3-9474-1A3956D46DE8}") = "Statistics", "Statistics", "{6F62A415-ECD0-43D5-8D58-C7DE7BDE7CEF}"
EndProject
Project("{FAE04EC0-301F-11D3-BF4B-00C04F79EFBC}") = "Statistics", "Statistics\Statistics.csproj", "{9AD6BAEF-EE4F-4A07-B7DF-99345F91E33B}"
EndProject
Project("{FAE04EC0-301F-11D3-BF4B-00C04F79EFBC}") = "08. DictionariesAndMaps", "DictionariesAndMaps\08. DictionariesAndMaps.csproj", "{710E5EB0-4FFC-4579-B950-B48F34BB8BEF}"
EndProject
Project("{FAE04EC0-301F-11D3-BF4B-00C04F79EFBC}") = "09. Recursion", "Recursion\09. Recursion.csproj", "{1F2FED89-A9ED-45DD-A9B5-748CEEC89242}"
EndProject
Project("{FAE04EC0-301F-11D3-BF4B-00C04F79EFBC}") = "10. BinaryNumbers", "BinaryNumbers\10. BinaryNumbers.csproj", "{A63CB9A8-C0AF-49BF-8C6B-2B3337B66EF3}"
EndProject
Project("{FAE04EC0-301F-11D3-BF4B-00C04F79EFBC}") = "11. 2DArrays", "2DArrays\11. 2DArrays.csproj", "{86A15675-8961-4735-BD7D-6F7B7B025F28}"
EndProject
Project("{FAE04EC0-301F-11D3-BF4B-00C04F79EFBC}") = "12. Inheritance", "Inheritance\12. Inheritance.csproj", "{2C43131C-6D0C-4609-B8B8-A9246281A3D2}"
EndProject
Project("{FAE04EC0-301F-11D3-BF4B-00C04F79EFBC}") = "13. AbstractClasses", "AbstractClasses\13. AbstractClasses.csproj", "{920658DA-0C09-414A-9BFB-647A2DC7B0A0}"
EndProject
Project("{FAE04EC0-301F-11D3-BF4B-00C04F79EFBC}") = "14. Scope", "Scope\14. Scope.csproj", "{3320C3C3-8BA7-4E81-A9D5-5618F51F9BCA}"
EndProject
Project("{FAE04EC0-301F-11D3-BF4B-00C04F79EFBC}") = "ArraysManipulation", "ArraysManipulation\ArraysManipulation.csproj", "{0EF1C787-3AD2-4F64-B551-98FC9FF342F4}"
EndProject
Project("{FAE04EC0-301F-11D3-BF4B-00C04F79EFBC}") = "15. LinkedList", "LinkedList\15. LinkedList.csproj", "{7A0B6AEB-6146-48E6-BD49-6FF83DB8953C}"
EndProject
Project("{FAE04EC0-301F-11D3-BF4B-00C04F79EFBC}") = "16. Exceptions", "Exceptions\16. Exceptions.csproj", "{AE8FDF68-08B1-46E9-8A74-2779CA0DE919}"
EndProject
Project("{FAE04EC0-301F-11D3-BF4B-00C04F79EFBC}") = "17. MoreExceptions", "MoreExceptions\17. MoreExceptions.csproj", "{1125CFC6-6F55-48A3-BED4-B8C54A779BE7}"
EndProject
Project("{FAE04EC0-301F-11D3-BF4B-00C04F79EFBC}") = "NewYearChaos", "NewYearChaos\NewYearChaos.csproj", "{28A93840-57FA-4F69-AEF3-C9C3F6C18BDD}"
EndProject
Project("{FAE04EC0-301F-11D3-BF4B-00C04F79EFBC}") = "ArraysLeftRotation", "ArraysLeftRotation\ArraysLeftRotation.csproj", "{C296719B-75D0-4CF2-9AF0-DCE90E8ABBFE}"
EndProject
Project("{FAE04EC0-301F-11D3-BF4B-00C04F79EFBC}") = "18. QueuesAndStacks", "QueuesAndStacks\18. QueuesAndStacks.csproj", "{F1580C9A-8410-457D-955E-7BF2931FEF45}"
EndProject
Project("{FAE04EC0-301F-11D3-BF4B-00C04F79EFBC}") = "19. Interfaces", "Interfaces\19. Interfaces.csproj", "{3B305618-9F08-41C3-816B-5E7B0FA4C065}"
EndProject
Project("{FAE04EC0-301F-11D3-BF4B-00C04F79EFBC}") = "20. Sorting", "Sorting\20. Sorting.csproj", "{7CF5A9EA-2353-4451-B9A7-4A13EB06A851}"
EndProject
Project("{2150E333-8FDC-42A3-9474-1A3956D46DE8}") = "Euler", "Euler", "{9AB66497-ADE2-4CB1-9724-4F6940B88BB8}"
EndProject
Project("{FAE04EC0-301F-11D3-BF4B-00C04F79EFBC}") = "MultiplesOf3And5", "MultiplesOf3And5\MultiplesOf3And5.csproj", "{0DDE1644-6969-499F-842F-86FD4E1CE946}"
EndProject
Project("{FAE04EC0-301F-11D3-BF4B-00C04F79EFBC}") = "21. Generics", "Generics\21. Generics.csproj", "{8E1973BA-1354-474D-A343-1DC90F2AED2B}"
EndProject
Project("{FAE04EC0-301F-11D3-BF4B-00C04F79EFBC}") = "22. BinarySearchTrees", "BinarySearchTrees\22. BinarySearchTrees.csproj", "{FBAA8168-AEDB-4DFF-AEC3-F8075357CE33}"
EndProject
Project("{FAE04EC0-301F-11D3-BF4B-00C04F79EFBC}") = "23. BSTLevelOrderTraversalOrBFS", "BSTLevelOrderTraversalOrBFS\23. BSTLevelOrderTraversalOrBFS.csproj", "{756ADCAA-7721-4CD0-86CE-8879FF780230}"
EndProject
Project("{FAE04EC0-301F-11D3-BF4B-00C04F79EFBC}") = "24. MoreLinkedLists", "MoreLinkedLists\24. MoreLinkedLists.csproj", "{538197B0-3CA1-4CD9-96F4-E90207D87AFC}"
EndProject
Project("{FAE04EC0-301F-11D3-BF4B-00C04F79EFBC}") = "25. RunningTimendComplexity", "RunningTimendComplexity\25. RunningTimendComplexity.csproj", "{7D4D47C8-F847-43A6-B164-56AD49DDB5DD}"
EndProject
Project("{FAE04EC0-301F-11D3-BF4B-00C04F79EFBC}") = "26. NestedLogic", "NestedLogic\26. NestedLogic.csproj", "{1FE2F15A-C92B-4D17-A43C-B2C0EB7BAAEA}"
EndProject
Project("{FAE04EC0-301F-11D3-BF4B-00C04F79EFBC}") = "27. Testing", "Testing\27. Testing.csproj", "{AFC6221F-9A61-4E1B-9522-F98C85257705}"
EndProject
Project("{FAE04EC0-301F-11D3-BF4B-00C04F79EFBC}") = "28. RegEx", "RegEx\28. RegEx.csproj", "{0835F7C6-71F3-41C1-AE6C-7BD5CC67D025}"
EndProject
Project("{FAE04EC0-301F-11D3-BF4B-00C04F79EFBC}") = "BitwiseAND", "BitwiseAND\BitwiseAND.csproj", "{0DB07A04-428C-48DE-8EED-256402CC9A81}"
EndProject
Global
	GlobalSection(SolutionConfigurationPlatforms) = preSolution
		Debug|Any CPU = Debug|Any CPU
		Release|Any CPU = Release|Any CPU
	EndGlobalSection
	GlobalSection(ProjectConfigurationPlatforms) = postSolution
		{5A5D0DE1-5446-4E59-913C-8526720E8FBF}.Debug|Any CPU.ActiveCfg = Debug|Any CPU
		{5A5D0DE1-5446-4E59-913C-8526720E8FBF}.Debug|Any CPU.Build.0 = Debug|Any CPU
		{5A5D0DE1-5446-4E59-913C-8526720E8FBF}.Release|Any CPU.ActiveCfg = Release|Any CPU
		{5A5D0DE1-5446-4E59-913C-8526720E8FBF}.Release|Any CPU.Build.0 = Release|Any CPU
		{C00D0823-5783-4E01-B01D-D1CA4FA870CC}.Debug|Any CPU.ActiveCfg = Debug|Any CPU
		{C00D0823-5783-4E01-B01D-D1CA4FA870CC}.Debug|Any CPU.Build.0 = Debug|Any CPU
		{C00D0823-5783-4E01-B01D-D1CA4FA870CC}.Release|Any CPU.ActiveCfg = Release|Any CPU
		{C00D0823-5783-4E01-B01D-D1CA4FA870CC}.Release|Any CPU.Build.0 = Release|Any CPU
		{9B1FA284-32D8-46A6-AB2B-9FD4F416A8A8}.Debug|Any CPU.ActiveCfg = Debug|Any CPU
		{9B1FA284-32D8-46A6-AB2B-9FD4F416A8A8}.Debug|Any CPU.Build.0 = Debug|Any CPU
		{9B1FA284-32D8-46A6-AB2B-9FD4F416A8A8}.Release|Any CPU.ActiveCfg = Release|Any CPU
		{9B1FA284-32D8-46A6-AB2B-9FD4F416A8A8}.Release|Any CPU.Build.0 = Release|Any CPU
		{0C756384-F252-49DA-B43F-DA0380307B56}.Debug|Any CPU.ActiveCfg = Debug|Any CPU
		{0C756384-F252-49DA-B43F-DA0380307B56}.Debug|Any CPU.Build.0 = Debug|Any CPU
		{0C756384-F252-49DA-B43F-DA0380307B56}.Release|Any CPU.ActiveCfg = Release|Any CPU
		{0C756384-F252-49DA-B43F-DA0380307B56}.Release|Any CPU.Build.0 = Release|Any CPU
		{9E587606-0EF3-440A-B0C0-F23D307954E6}.Debug|Any CPU.ActiveCfg = Debug|Any CPU
		{9E587606-0EF3-440A-B0C0-F23D307954E6}.Debug|Any CPU.Build.0 = Debug|Any CPU
		{9E587606-0EF3-440A-B0C0-F23D307954E6}.Release|Any CPU.ActiveCfg = Release|Any CPU
		{9E587606-0EF3-440A-B0C0-F23D307954E6}.Release|Any CPU.Build.0 = Release|Any CPU
		{1F9D54E8-6DD5-47B6-8725-BAB132C1484F}.Debug|Any CPU.ActiveCfg = Debug|Any CPU
		{1F9D54E8-6DD5-47B6-8725-BAB132C1484F}.Debug|Any CPU.Build.0 = Debug|Any CPU
		{1F9D54E8-6DD5-47B6-8725-BAB132C1484F}.Release|Any CPU.ActiveCfg = Release|Any CPU
		{1F9D54E8-6DD5-47B6-8725-BAB132C1484F}.Release|Any CPU.Build.0 = Release|Any CPU
		{66EA89C5-D151-4574-9DAE-363BAC36FE98}.Debug|Any CPU.ActiveCfg = Debug|Any CPU
		{66EA89C5-D151-4574-9DAE-363BAC36FE98}.Debug|Any CPU.Build.0 = Debug|Any CPU
		{66EA89C5-D151-4574-9DAE-363BAC36FE98}.Release|Any CPU.ActiveCfg = Release|Any CPU
		{66EA89C5-D151-4574-9DAE-363BAC36FE98}.Release|Any CPU.Build.0 = Release|Any CPU
		{A9A44719-B232-44B4-8D83-FC98E40A1178}.Debug|Any CPU.ActiveCfg = Debug|Any CPU
		{A9A44719-B232-44B4-8D83-FC98E40A1178}.Debug|Any CPU.Build.0 = Debug|Any CPU
		{A9A44719-B232-44B4-8D83-FC98E40A1178}.Release|Any CPU.ActiveCfg = Release|Any CPU
		{A9A44719-B232-44B4-8D83-FC98E40A1178}.Release|Any CPU.Build.0 = Release|Any CPU
		{B0A37C25-C090-436C-952E-A0A27FA7708C}.Debug|Any CPU.ActiveCfg = Debug|Any CPU
		{B0A37C25-C090-436C-952E-A0A27FA7708C}.Debug|Any CPU.Build.0 = Debug|Any CPU
		{B0A37C25-C090-436C-952E-A0A27FA7708C}.Release|Any CPU.ActiveCfg = Release|Any CPU
		{B0A37C25-C090-436C-952E-A0A27FA7708C}.Release|Any CPU.Build.0 = Release|Any CPU
		{B12F1E10-5DBC-4859-BE70-F34082B1CA1E}.Debug|Any CPU.ActiveCfg = Debug|Any CPU
		{B12F1E10-5DBC-4859-BE70-F34082B1CA1E}.Debug|Any CPU.Build.0 = Debug|Any CPU
		{B12F1E10-5DBC-4859-BE70-F34082B1CA1E}.Release|Any CPU.ActiveCfg = Release|Any CPU
		{B12F1E10-5DBC-4859-BE70-F34082B1CA1E}.Release|Any CPU.Build.0 = Release|Any CPU
		{916C97E6-A003-422A-8EE2-54E532B38704}.Debug|Any CPU.ActiveCfg = Debug|Any CPU
		{916C97E6-A003-422A-8EE2-54E532B38704}.Debug|Any CPU.Build.0 = Debug|Any CPU
		{916C97E6-A003-422A-8EE2-54E532B38704}.Release|Any CPU.ActiveCfg = Release|Any CPU
		{916C97E6-A003-422A-8EE2-54E532B38704}.Release|Any CPU.Build.0 = Release|Any CPU
		{08BCD3F0-84F7-4269-AE5D-C1BA4A6DABAE}.Debug|Any CPU.ActiveCfg = Debug|Any CPU
		{08BCD3F0-84F7-4269-AE5D-C1BA4A6DABAE}.Debug|Any CPU.Build.0 = Debug|Any CPU
		{08BCD3F0-84F7-4269-AE5D-C1BA4A6DABAE}.Release|Any CPU.ActiveCfg = Release|Any CPU
		{08BCD3F0-84F7-4269-AE5D-C1BA4A6DABAE}.Release|Any CPU.Build.0 = Release|Any CPU
		{EBCFB774-568A-46F5-B93C-38AE59B5A58E}.Debug|Any CPU.ActiveCfg = Debug|Any CPU
		{EBCFB774-568A-46F5-B93C-38AE59B5A58E}.Debug|Any CPU.Build.0 = Debug|Any CPU
		{EBCFB774-568A-46F5-B93C-38AE59B5A58E}.Release|Any CPU.ActiveCfg = Release|Any CPU
		{EBCFB774-568A-46F5-B93C-38AE59B5A58E}.Release|Any CPU.Build.0 = Release|Any CPU
		{AEA0A09E-CEC9-4F8C-8E14-5333633B48F7}.Debug|Any CPU.ActiveCfg = Debug|Any CPU
		{AEA0A09E-CEC9-4F8C-8E14-5333633B48F7}.Debug|Any CPU.Build.0 = Debug|Any CPU
		{AEA0A09E-CEC9-4F8C-8E14-5333633B48F7}.Release|Any CPU.ActiveCfg = Release|Any CPU
		{AEA0A09E-CEC9-4F8C-8E14-5333633B48F7}.Release|Any CPU.Build.0 = Release|Any CPU
		{B05895ED-90B6-41C8-9702-855E4A050713}.Debug|Any CPU.ActiveCfg = Debug|Any CPU
		{B05895ED-90B6-41C8-9702-855E4A050713}.Debug|Any CPU.Build.0 = Debug|Any CPU
		{B05895ED-90B6-41C8-9702-855E4A050713}.Release|Any CPU.ActiveCfg = Release|Any CPU
		{B05895ED-90B6-41C8-9702-855E4A050713}.Release|Any CPU.Build.0 = Release|Any CPU
		{92E07AE2-7EEC-47F7-90E0-B8D71611980F}.Debug|Any CPU.ActiveCfg = Debug|Any CPU
		{92E07AE2-7EEC-47F7-90E0-B8D71611980F}.Debug|Any CPU.Build.0 = Debug|Any CPU
		{92E07AE2-7EEC-47F7-90E0-B8D71611980F}.Release|Any CPU.ActiveCfg = Release|Any CPU
		{92E07AE2-7EEC-47F7-90E0-B8D71611980F}.Release|Any CPU.Build.0 = Release|Any CPU
		{B8D66B3A-3F21-4636-A256-42DADBBF5A1D}.Debug|Any CPU.ActiveCfg = Debug|Any CPU
		{B8D66B3A-3F21-4636-A256-42DADBBF5A1D}.Debug|Any CPU.Build.0 = Debug|Any CPU
		{B8D66B3A-3F21-4636-A256-42DADBBF5A1D}.Release|Any CPU.ActiveCfg = Release|Any CPU
		{B8D66B3A-3F21-4636-A256-42DADBBF5A1D}.Release|Any CPU.Build.0 = Release|Any CPU
		{27B36503-2A46-4E4A-A562-632FCE15E091}.Debug|Any CPU.ActiveCfg = Debug|Any CPU
		{27B36503-2A46-4E4A-A562-632FCE15E091}.Debug|Any CPU.Build.0 = Debug|Any CPU
		{27B36503-2A46-4E4A-A562-632FCE15E091}.Release|Any CPU.ActiveCfg = Release|Any CPU
		{27B36503-2A46-4E4A-A562-632FCE15E091}.Release|Any CPU.Build.0 = Release|Any CPU
		{3CC2B26E-107E-430C-9341-AD45DB8DB4E1}.Debug|Any CPU.ActiveCfg = Debug|Any CPU
		{3CC2B26E-107E-430C-9341-AD45DB8DB4E1}.Debug|Any CPU.Build.0 = Debug|Any CPU
		{3CC2B26E-107E-430C-9341-AD45DB8DB4E1}.Release|Any CPU.ActiveCfg = Release|Any CPU
		{3CC2B26E-107E-430C-9341-AD45DB8DB4E1}.Release|Any CPU.Build.0 = Release|Any CPU
		{FFE1080E-D71E-483C-83F4-676A4CA72F19}.Debug|Any CPU.ActiveCfg = Debug|Any CPU
		{FFE1080E-D71E-483C-83F4-676A4CA72F19}.Debug|Any CPU.Build.0 = Debug|Any CPU
		{FFE1080E-D71E-483C-83F4-676A4CA72F19}.Release|Any CPU.ActiveCfg = Release|Any CPU
		{FFE1080E-D71E-483C-83F4-676A4CA72F19}.Release|Any CPU.Build.0 = Release|Any CPU
		{DBF653DA-E4C6-47C8-A8F0-6CB603047F00}.Debug|Any CPU.ActiveCfg = Debug|Any CPU
		{DBF653DA-E4C6-47C8-A8F0-6CB603047F00}.Debug|Any CPU.Build.0 = Debug|Any CPU
		{DBF653DA-E4C6-47C8-A8F0-6CB603047F00}.Release|Any CPU.ActiveCfg = Release|Any CPU
		{DBF653DA-E4C6-47C8-A8F0-6CB603047F00}.Release|Any CPU.Build.0 = Release|Any CPU
		{9075F55F-35CA-41B7-B8CE-D0A5AE6CFBF3}.Debug|Any CPU.ActiveCfg = Debug|Any CPU
		{9075F55F-35CA-41B7-B8CE-D0A5AE6CFBF3}.Debug|Any CPU.Build.0 = Debug|Any CPU
		{9075F55F-35CA-41B7-B8CE-D0A5AE6CFBF3}.Release|Any CPU.ActiveCfg = Release|Any CPU
		{9075F55F-35CA-41B7-B8CE-D0A5AE6CFBF3}.Release|Any CPU.Build.0 = Release|Any CPU
		{1CAEB57C-467C-4AC3-B8E1-0EE6A47AF2C1}.Debug|Any CPU.ActiveCfg = Debug|Any CPU
		{1CAEB57C-467C-4AC3-B8E1-0EE6A47AF2C1}.Debug|Any CPU.Build.0 = Debug|Any CPU
		{1CAEB57C-467C-4AC3-B8E1-0EE6A47AF2C1}.Release|Any CPU.ActiveCfg = Release|Any CPU
		{1CAEB57C-467C-4AC3-B8E1-0EE6A47AF2C1}.Release|Any CPU.Build.0 = Release|Any CPU
		{663CAA76-2552-4A38-B370-403A5EAB5F0C}.Debug|Any CPU.ActiveCfg = Debug|Any CPU
		{663CAA76-2552-4A38-B370-403A5EAB5F0C}.Debug|Any CPU.Build.0 = Debug|Any CPU
		{663CAA76-2552-4A38-B370-403A5EAB5F0C}.Release|Any CPU.ActiveCfg = Release|Any CPU
		{663CAA76-2552-4A38-B370-403A5EAB5F0C}.Release|Any CPU.Build.0 = Release|Any CPU
		{13D46475-7523-4CA9-8D38-DEB64834B28E}.Debug|Any CPU.ActiveCfg = Debug|Any CPU
		{13D46475-7523-4CA9-8D38-DEB64834B28E}.Debug|Any CPU.Build.0 = Debug|Any CPU
		{13D46475-7523-4CA9-8D38-DEB64834B28E}.Release|Any CPU.ActiveCfg = Release|Any CPU
		{13D46475-7523-4CA9-8D38-DEB64834B28E}.Release|Any CPU.Build.0 = Release|Any CPU
		{413A422A-54CF-4F3E-8CE6-B323E079D885}.Debug|Any CPU.ActiveCfg = Debug|Any CPU
		{413A422A-54CF-4F3E-8CE6-B323E079D885}.Debug|Any CPU.Build.0 = Debug|Any CPU
		{413A422A-54CF-4F3E-8CE6-B323E079D885}.Release|Any CPU.ActiveCfg = Release|Any CPU
		{413A422A-54CF-4F3E-8CE6-B323E079D885}.Release|Any CPU.Build.0 = Release|Any CPU
		{F8D3F3AA-6821-462A-805D-CC7180E6CAED}.Debug|Any CPU.ActiveCfg = Debug|Any CPU
		{F8D3F3AA-6821-462A-805D-CC7180E6CAED}.Debug|Any CPU.Build.0 = Debug|Any CPU
		{F8D3F3AA-6821-462A-805D-CC7180E6CAED}.Release|Any CPU.ActiveCfg = Release|Any CPU
		{F8D3F3AA-6821-462A-805D-CC7180E6CAED}.Release|Any CPU.Build.0 = Release|Any CPU
		{355F86D8-69E0-4EEC-84C4-CEF965EEDE0F}.Debug|Any CPU.ActiveCfg = Debug|Any CPU
		{355F86D8-69E0-4EEC-84C4-CEF965EEDE0F}.Debug|Any CPU.Build.0 = Debug|Any CPU
		{355F86D8-69E0-4EEC-84C4-CEF965EEDE0F}.Release|Any CPU.ActiveCfg = Release|Any CPU
		{355F86D8-69E0-4EEC-84C4-CEF965EEDE0F}.Release|Any CPU.Build.0 = Release|Any CPU
		{70A7B66B-E1C9-40F8-BBDB-8F8388BA2146}.Debug|Any CPU.ActiveCfg = Debug|Any CPU
		{70A7B66B-E1C9-40F8-BBDB-8F8388BA2146}.Debug|Any CPU.Build.0 = Debug|Any CPU
		{70A7B66B-E1C9-40F8-BBDB-8F8388BA2146}.Release|Any CPU.ActiveCfg = Release|Any CPU
		{70A7B66B-E1C9-40F8-BBDB-8F8388BA2146}.Release|Any CPU.Build.0 = Release|Any CPU
		{833B65C5-4E5E-4DB1-B8DE-DB871E96048E}.Debug|Any CPU.ActiveCfg = Debug|Any CPU
		{833B65C5-4E5E-4DB1-B8DE-DB871E96048E}.Debug|Any CPU.Build.0 = Debug|Any CPU
		{833B65C5-4E5E-4DB1-B8DE-DB871E96048E}.Release|Any CPU.ActiveCfg = Release|Any CPU
		{833B65C5-4E5E-4DB1-B8DE-DB871E96048E}.Release|Any CPU.Build.0 = Release|Any CPU
		{FEF794E3-5D2A-4E5B-90DF-637D6CBBF201}.Debug|Any CPU.ActiveCfg = Debug|Any CPU
		{FEF794E3-5D2A-4E5B-90DF-637D6CBBF201}.Debug|Any CPU.Build.0 = Debug|Any CPU
		{FEF794E3-5D2A-4E5B-90DF-637D6CBBF201}.Release|Any CPU.ActiveCfg = Release|Any CPU
		{FEF794E3-5D2A-4E5B-90DF-637D6CBBF201}.Release|Any CPU.Build.0 = Release|Any CPU
		{DF5208EB-6448-4078-ABC5-1C442F1D948F}.Debug|Any CPU.ActiveCfg = Debug|Any CPU
		{DF5208EB-6448-4078-ABC5-1C442F1D948F}.Debug|Any CPU.Build.0 = Debug|Any CPU
		{DF5208EB-6448-4078-ABC5-1C442F1D948F}.Release|Any CPU.ActiveCfg = Release|Any CPU
		{DF5208EB-6448-4078-ABC5-1C442F1D948F}.Release|Any CPU.Build.0 = Release|Any CPU
		{14F911A8-CD92-4955-8E7B-785B52B3DE95}.Debug|Any CPU.ActiveCfg = Debug|Any CPU
		{14F911A8-CD92-4955-8E7B-785B52B3DE95}.Debug|Any CPU.Build.0 = Debug|Any CPU
		{14F911A8-CD92-4955-8E7B-785B52B3DE95}.Release|Any CPU.ActiveCfg = Release|Any CPU
		{14F911A8-CD92-4955-8E7B-785B52B3DE95}.Release|Any CPU.Build.0 = Release|Any CPU
		{04BBCBB1-E41C-44AA-AF8A-63FC7163FD58}.Debug|Any CPU.ActiveCfg = Debug|Any CPU
		{04BBCBB1-E41C-44AA-AF8A-63FC7163FD58}.Debug|Any CPU.Build.0 = Debug|Any CPU
		{04BBCBB1-E41C-44AA-AF8A-63FC7163FD58}.Release|Any CPU.ActiveCfg = Release|Any CPU
		{04BBCBB1-E41C-44AA-AF8A-63FC7163FD58}.Release|Any CPU.Build.0 = Release|Any CPU
		{03EA9D86-1E22-4697-9184-3CC52180F306}.Debug|Any CPU.ActiveCfg = Debug|Any CPU
		{03EA9D86-1E22-4697-9184-3CC52180F306}.Debug|Any CPU.Build.0 = Debug|Any CPU
		{03EA9D86-1E22-4697-9184-3CC52180F306}.Release|Any CPU.ActiveCfg = Release|Any CPU
		{03EA9D86-1E22-4697-9184-3CC52180F306}.Release|Any CPU.Build.0 = Release|Any CPU
		{FB62332F-5A0F-4D0E-8B77-202F43763298}.Debug|Any CPU.ActiveCfg = Debug|Any CPU
		{FB62332F-5A0F-4D0E-8B77-202F43763298}.Debug|Any CPU.Build.0 = Debug|Any CPU
		{FB62332F-5A0F-4D0E-8B77-202F43763298}.Release|Any CPU.ActiveCfg = Release|Any CPU
		{FB62332F-5A0F-4D0E-8B77-202F43763298}.Release|Any CPU.Build.0 = Release|Any CPU
		{9AD6BAEF-EE4F-4A07-B7DF-99345F91E33B}.Debug|Any CPU.ActiveCfg = Debug|Any CPU
		{9AD6BAEF-EE4F-4A07-B7DF-99345F91E33B}.Debug|Any CPU.Build.0 = Debug|Any CPU
		{9AD6BAEF-EE4F-4A07-B7DF-99345F91E33B}.Release|Any CPU.ActiveCfg = Release|Any CPU
		{9AD6BAEF-EE4F-4A07-B7DF-99345F91E33B}.Release|Any CPU.Build.0 = Release|Any CPU
		{710E5EB0-4FFC-4579-B950-B48F34BB8BEF}.Debug|Any CPU.ActiveCfg = Debug|Any CPU
		{710E5EB0-4FFC-4579-B950-B48F34BB8BEF}.Debug|Any CPU.Build.0 = Debug|Any CPU
		{710E5EB0-4FFC-4579-B950-B48F34BB8BEF}.Release|Any CPU.ActiveCfg = Release|Any CPU
		{710E5EB0-4FFC-4579-B950-B48F34BB8BEF}.Release|Any CPU.Build.0 = Release|Any CPU
		{1F2FED89-A9ED-45DD-A9B5-748CEEC89242}.Debug|Any CPU.ActiveCfg = Debug|Any CPU
		{1F2FED89-A9ED-45DD-A9B5-748CEEC89242}.Debug|Any CPU.Build.0 = Debug|Any CPU
		{1F2FED89-A9ED-45DD-A9B5-748CEEC89242}.Release|Any CPU.ActiveCfg = Release|Any CPU
		{1F2FED89-A9ED-45DD-A9B5-748CEEC89242}.Release|Any CPU.Build.0 = Release|Any CPU
		{A63CB9A8-C0AF-49BF-8C6B-2B3337B66EF3}.Debug|Any CPU.ActiveCfg = Debug|Any CPU
		{A63CB9A8-C0AF-49BF-8C6B-2B3337B66EF3}.Debug|Any CPU.Build.0 = Debug|Any CPU
		{A63CB9A8-C0AF-49BF-8C6B-2B3337B66EF3}.Release|Any CPU.ActiveCfg = Release|Any CPU
		{A63CB9A8-C0AF-49BF-8C6B-2B3337B66EF3}.Release|Any CPU.Build.0 = Release|Any CPU
		{86A15675-8961-4735-BD7D-6F7B7B025F28}.Debug|Any CPU.ActiveCfg = Debug|Any CPU
		{86A15675-8961-4735-BD7D-6F7B7B025F28}.Debug|Any CPU.Build.0 = Debug|Any CPU
		{86A15675-8961-4735-BD7D-6F7B7B025F28}.Release|Any CPU.ActiveCfg = Release|Any CPU
		{86A15675-8961-4735-BD7D-6F7B7B025F28}.Release|Any CPU.Build.0 = Release|Any CPU
		{2C43131C-6D0C-4609-B8B8-A9246281A3D2}.Debug|Any CPU.ActiveCfg = Debug|Any CPU
		{2C43131C-6D0C-4609-B8B8-A9246281A3D2}.Debug|Any CPU.Build.0 = Debug|Any CPU
		{2C43131C-6D0C-4609-B8B8-A9246281A3D2}.Release|Any CPU.ActiveCfg = Release|Any CPU
		{2C43131C-6D0C-4609-B8B8-A9246281A3D2}.Release|Any CPU.Build.0 = Release|Any CPU
		{920658DA-0C09-414A-9BFB-647A2DC7B0A0}.Debug|Any CPU.ActiveCfg = Debug|Any CPU
		{920658DA-0C09-414A-9BFB-647A2DC7B0A0}.Debug|Any CPU.Build.0 = Debug|Any CPU
		{920658DA-0C09-414A-9BFB-647A2DC7B0A0}.Release|Any CPU.ActiveCfg = Release|Any CPU
		{920658DA-0C09-414A-9BFB-647A2DC7B0A0}.Release|Any CPU.Build.0 = Release|Any CPU
		{3320C3C3-8BA7-4E81-A9D5-5618F51F9BCA}.Debug|Any CPU.ActiveCfg = Debug|Any CPU
		{3320C3C3-8BA7-4E81-A9D5-5618F51F9BCA}.Debug|Any CPU.Build.0 = Debug|Any CPU
		{3320C3C3-8BA7-4E81-A9D5-5618F51F9BCA}.Release|Any CPU.ActiveCfg = Release|Any CPU
		{3320C3C3-8BA7-4E81-A9D5-5618F51F9BCA}.Release|Any CPU.Build.0 = Release|Any CPU
		{0EF1C787-3AD2-4F64-B551-98FC9FF342F4}.Debug|Any CPU.ActiveCfg = Debug|Any CPU
		{0EF1C787-3AD2-4F64-B551-98FC9FF342F4}.Debug|Any CPU.Build.0 = Debug|Any CPU
		{0EF1C787-3AD2-4F64-B551-98FC9FF342F4}.Release|Any CPU.ActiveCfg = Release|Any CPU
		{0EF1C787-3AD2-4F64-B551-98FC9FF342F4}.Release|Any CPU.Build.0 = Release|Any CPU
		{7A0B6AEB-6146-48E6-BD49-6FF83DB8953C}.Debug|Any CPU.ActiveCfg = Debug|Any CPU
		{7A0B6AEB-6146-48E6-BD49-6FF83DB8953C}.Debug|Any CPU.Build.0 = Debug|Any CPU
		{7A0B6AEB-6146-48E6-BD49-6FF83DB8953C}.Release|Any CPU.ActiveCfg = Release|Any CPU
		{7A0B6AEB-6146-48E6-BD49-6FF83DB8953C}.Release|Any CPU.Build.0 = Release|Any CPU
		{AE8FDF68-08B1-46E9-8A74-2779CA0DE919}.Debug|Any CPU.ActiveCfg = Debug|Any CPU
		{AE8FDF68-08B1-46E9-8A74-2779CA0DE919}.Debug|Any CPU.Build.0 = Debug|Any CPU
		{AE8FDF68-08B1-46E9-8A74-2779CA0DE919}.Release|Any CPU.ActiveCfg = Release|Any CPU
		{AE8FDF68-08B1-46E9-8A74-2779CA0DE919}.Release|Any CPU.Build.0 = Release|Any CPU
		{1125CFC6-6F55-48A3-BED4-B8C54A779BE7}.Debug|Any CPU.ActiveCfg = Debug|Any CPU
		{1125CFC6-6F55-48A3-BED4-B8C54A779BE7}.Debug|Any CPU.Build.0 = Debug|Any CPU
		{1125CFC6-6F55-48A3-BED4-B8C54A779BE7}.Release|Any CPU.ActiveCfg = Release|Any CPU
		{1125CFC6-6F55-48A3-BED4-B8C54A779BE7}.Release|Any CPU.Build.0 = Release|Any CPU
		{28A93840-57FA-4F69-AEF3-C9C3F6C18BDD}.Debug|Any CPU.ActiveCfg = Debug|Any CPU
		{28A93840-57FA-4F69-AEF3-C9C3F6C18BDD}.Debug|Any CPU.Build.0 = Debug|Any CPU
		{28A93840-57FA-4F69-AEF3-C9C3F6C18BDD}.Release|Any CPU.ActiveCfg = Release|Any CPU
		{28A93840-57FA-4F69-AEF3-C9C3F6C18BDD}.Release|Any CPU.Build.0 = Release|Any CPU
		{C296719B-75D0-4CF2-9AF0-DCE90E8ABBFE}.Debug|Any CPU.ActiveCfg = Debug|Any CPU
		{C296719B-75D0-4CF2-9AF0-DCE90E8ABBFE}.Debug|Any CPU.Build.0 = Debug|Any CPU
		{C296719B-75D0-4CF2-9AF0-DCE90E8ABBFE}.Release|Any CPU.ActiveCfg = Release|Any CPU
		{C296719B-75D0-4CF2-9AF0-DCE90E8ABBFE}.Release|Any CPU.Build.0 = Release|Any CPU
		{F1580C9A-8410-457D-955E-7BF2931FEF45}.Debug|Any CPU.ActiveCfg = Debug|Any CPU
		{F1580C9A-8410-457D-955E-7BF2931FEF45}.Debug|Any CPU.Build.0 = Debug|Any CPU
		{F1580C9A-8410-457D-955E-7BF2931FEF45}.Release|Any CPU.ActiveCfg = Release|Any CPU
		{F1580C9A-8410-457D-955E-7BF2931FEF45}.Release|Any CPU.Build.0 = Release|Any CPU
		{3B305618-9F08-41C3-816B-5E7B0FA4C065}.Debug|Any CPU.ActiveCfg = Debug|Any CPU
		{3B305618-9F08-41C3-816B-5E7B0FA4C065}.Debug|Any CPU.Build.0 = Debug|Any CPU
		{3B305618-9F08-41C3-816B-5E7B0FA4C065}.Release|Any CPU.ActiveCfg = Release|Any CPU
		{3B305618-9F08-41C3-816B-5E7B0FA4C065}.Release|Any CPU.Build.0 = Release|Any CPU
		{7CF5A9EA-2353-4451-B9A7-4A13EB06A851}.Debug|Any CPU.ActiveCfg = Debug|Any CPU
		{7CF5A9EA-2353-4451-B9A7-4A13EB06A851}.Debug|Any CPU.Build.0 = Debug|Any CPU
		{7CF5A9EA-2353-4451-B9A7-4A13EB06A851}.Release|Any CPU.ActiveCfg = Release|Any CPU
		{7CF5A9EA-2353-4451-B9A7-4A13EB06A851}.Release|Any CPU.Build.0 = Release|Any CPU
		{0DDE1644-6969-499F-842F-86FD4E1CE946}.Debug|Any CPU.ActiveCfg = Debug|Any CPU
		{0DDE1644-6969-499F-842F-86FD4E1CE946}.Debug|Any CPU.Build.0 = Debug|Any CPU
		{0DDE1644-6969-499F-842F-86FD4E1CE946}.Release|Any CPU.ActiveCfg = Release|Any CPU
		{0DDE1644-6969-499F-842F-86FD4E1CE946}.Release|Any CPU.Build.0 = Release|Any CPU
		{8E1973BA-1354-474D-A343-1DC90F2AED2B}.Debug|Any CPU.ActiveCfg = Debug|Any CPU
		{8E1973BA-1354-474D-A343-1DC90F2AED2B}.Debug|Any CPU.Build.0 = Debug|Any CPU
		{8E1973BA-1354-474D-A343-1DC90F2AED2B}.Release|Any CPU.ActiveCfg = Release|Any CPU
		{8E1973BA-1354-474D-A343-1DC90F2AED2B}.Release|Any CPU.Build.0 = Release|Any CPU
		{FBAA8168-AEDB-4DFF-AEC3-F8075357CE33}.Debug|Any CPU.ActiveCfg = Debug|Any CPU
		{FBAA8168-AEDB-4DFF-AEC3-F8075357CE33}.Debug|Any CPU.Build.0 = Debug|Any CPU
		{FBAA8168-AEDB-4DFF-AEC3-F8075357CE33}.Release|Any CPU.ActiveCfg = Release|Any CPU
		{FBAA8168-AEDB-4DFF-AEC3-F8075357CE33}.Release|Any CPU.Build.0 = Release|Any CPU
		{756ADCAA-7721-4CD0-86CE-8879FF780230}.Debug|Any CPU.ActiveCfg = Debug|Any CPU
		{756ADCAA-7721-4CD0-86CE-8879FF780230}.Debug|Any CPU.Build.0 = Debug|Any CPU
		{756ADCAA-7721-4CD0-86CE-8879FF780230}.Release|Any CPU.ActiveCfg = Release|Any CPU
		{756ADCAA-7721-4CD0-86CE-8879FF780230}.Release|Any CPU.Build.0 = Release|Any CPU
		{538197B0-3CA1-4CD9-96F4-E90207D87AFC}.Debug|Any CPU.ActiveCfg = Debug|Any CPU
		{538197B0-3CA1-4CD9-96F4-E90207D87AFC}.Debug|Any CPU.Build.0 = Debug|Any CPU
		{538197B0-3CA1-4CD9-96F4-E90207D87AFC}.Release|Any CPU.ActiveCfg = Release|Any CPU
		{538197B0-3CA1-4CD9-96F4-E90207D87AFC}.Release|Any CPU.Build.0 = Release|Any CPU
		{7D4D47C8-F847-43A6-B164-56AD49DDB5DD}.Debug|Any CPU.ActiveCfg = Debug|Any CPU
		{7D4D47C8-F847-43A6-B164-56AD49DDB5DD}.Debug|Any CPU.Build.0 = Debug|Any CPU
		{7D4D47C8-F847-43A6-B164-56AD49DDB5DD}.Release|Any CPU.ActiveCfg = Release|Any CPU
		{7D4D47C8-F847-43A6-B164-56AD49DDB5DD}.Release|Any CPU.Build.0 = Release|Any CPU
		{1FE2F15A-C92B-4D17-A43C-B2C0EB7BAAEA}.Debug|Any CPU.ActiveCfg = Debug|Any CPU
		{1FE2F15A-C92B-4D17-A43C-B2C0EB7BAAEA}.Debug|Any CPU.Build.0 = Debug|Any CPU
		{1FE2F15A-C92B-4D17-A43C-B2C0EB7BAAEA}.Release|Any CPU.ActiveCfg = Release|Any CPU
		{1FE2F15A-C92B-4D17-A43C-B2C0EB7BAAEA}.Release|Any CPU.Build.0 = Release|Any CPU
		{AFC6221F-9A61-4E1B-9522-F98C85257705}.Debug|Any CPU.ActiveCfg = Debug|Any CPU
		{AFC6221F-9A61-4E1B-9522-F98C85257705}.Debug|Any CPU.Build.0 = Debug|Any CPU
		{AFC6221F-9A61-4E1B-9522-F98C85257705}.Release|Any CPU.ActiveCfg = Release|Any CPU
		{AFC6221F-9A61-4E1B-9522-F98C85257705}.Release|Any CPU.Build.0 = Release|Any CPU
		{0835F7C6-71F3-41C1-AE6C-7BD5CC67D025}.Debug|Any CPU.ActiveCfg = Debug|Any CPU
		{0835F7C6-71F3-41C1-AE6C-7BD5CC67D025}.Debug|Any CPU.Build.0 = Debug|Any CPU
		{0835F7C6-71F3-41C1-AE6C-7BD5CC67D025}.Release|Any CPU.ActiveCfg = Release|Any CPU
		{0835F7C6-71F3-41C1-AE6C-7BD5CC67D025}.Release|Any CPU.Build.0 = Release|Any CPU
		{0DB07A04-428C-48DE-8EED-256402CC9A81}.Debug|Any CPU.ActiveCfg = Debug|Any CPU
		{0DB07A04-428C-48DE-8EED-256402CC9A81}.Debug|Any CPU.Build.0 = Debug|Any CPU
		{0DB07A04-428C-48DE-8EED-256402CC9A81}.Release|Any CPU.ActiveCfg = Release|Any CPU
		{0DB07A04-428C-48DE-8EED-256402CC9A81}.Release|Any CPU.Build.0 = Release|Any CPU
	EndGlobalSection
	GlobalSection(SolutionProperties) = preSolution
		HideSolutionNode = FALSE
	EndGlobalSection
	GlobalSection(NestedProjects) = preSolution
		{1F9D54E8-6DD5-47B6-8725-BAB132C1484F} = {3D695C86-AA3E-46BD-B720-92E0DF794197}
		{66EA89C5-D151-4574-9DAE-363BAC36FE98} = {3D695C86-AA3E-46BD-B720-92E0DF794197}
		{916C97E6-A003-422A-8EE2-54E532B38704} = {E8680447-EB8C-4A65-881C-CFC9165F9AF6}
		{08BCD3F0-84F7-4269-AE5D-C1BA4A6DABAE} = {3D695C86-AA3E-46BD-B720-92E0DF794197}
		{EBCFB774-568A-46F5-B93C-38AE59B5A58E} = {3D695C86-AA3E-46BD-B720-92E0DF794197}
		{AEA0A09E-CEC9-4F8C-8E14-5333633B48F7} = {3D695C86-AA3E-46BD-B720-92E0DF794197}
		{B05895ED-90B6-41C8-9702-855E4A050713} = {3D695C86-AA3E-46BD-B720-92E0DF794197}
		{92E07AE2-7EEC-47F7-90E0-B8D71611980F} = {3D695C86-AA3E-46BD-B720-92E0DF794197}
		{B8D66B3A-3F21-4636-A256-42DADBBF5A1D} = {E8680447-EB8C-4A65-881C-CFC9165F9AF6}
		{E8680447-EB8C-4A65-881C-CFC9165F9AF6} = {EF0F3179-D605-43F2-8CE5-F551892D6D0C}
		{E0C020C8-7FED-420E-BD07-E9777F6138EC} = {EF0F3179-D605-43F2-8CE5-F551892D6D0C}
		{27B36503-2A46-4E4A-A562-632FCE15E091} = {E0C020C8-7FED-420E-BD07-E9777F6138EC}
		{3CC2B26E-107E-430C-9341-AD45DB8DB4E1} = {E0C020C8-7FED-420E-BD07-E9777F6138EC}
		{837D3340-B3A5-494D-9D57-0950DFBD6A27} = {EF0F3179-D605-43F2-8CE5-F551892D6D0C}
		{DBF653DA-E4C6-47C8-A8F0-6CB603047F00} = {837D3340-B3A5-494D-9D57-0950DFBD6A27}
		{9075F55F-35CA-41B7-B8CE-D0A5AE6CFBF3} = {837D3340-B3A5-494D-9D57-0950DFBD6A27}
		{1CAEB57C-467C-4AC3-B8E1-0EE6A47AF2C1} = {9E595B63-0E1E-44F0-BF88-0351134F44AA}
		{663CAA76-2552-4A38-B370-403A5EAB5F0C} = {E8680447-EB8C-4A65-881C-CFC9165F9AF6}
		{13D46475-7523-4CA9-8D38-DEB64834B28E} = {9E595B63-0E1E-44F0-BF88-0351134F44AA}
		{413A422A-54CF-4F3E-8CE6-B323E079D885} = {E0C020C8-7FED-420E-BD07-E9777F6138EC}
		{355F86D8-69E0-4EEC-84C4-CEF965EEDE0F} = {CCFE5707-E98D-4E73-863C-BCDC3B11DBE2}
		{70A7B66B-E1C9-40F8-BBDB-8F8388BA2146} = {F270475C-3715-4AEE-B0B4-2007B4220E26}
		{833B65C5-4E5E-4DB1-B8DE-DB871E96048E} = {9E595B63-0E1E-44F0-BF88-0351134F44AA}
		{FEF794E3-5D2A-4E5B-90DF-637D6CBBF201} = {9E595B63-0E1E-44F0-BF88-0351134F44AA}
		{DF5208EB-6448-4078-ABC5-1C442F1D948F} = {9E595B63-0E1E-44F0-BF88-0351134F44AA}
		{14F911A8-CD92-4955-8E7B-785B52B3DE95} = {1F1DF1E4-0212-4A30-B672-613BBDFB2794}
		{04BBCBB1-E41C-44AA-AF8A-63FC7163FD58} = {9E595B63-0E1E-44F0-BF88-0351134F44AA}
		{03EA9D86-1E22-4697-9184-3CC52180F306} = {9E595B63-0E1E-44F0-BF88-0351134F44AA}
		{FB62332F-5A0F-4D0E-8B77-202F43763298} = {9E595B63-0E1E-44F0-BF88-0351134F44AA}
		{9AD6BAEF-EE4F-4A07-B7DF-99345F91E33B} = {6F62A415-ECD0-43D5-8D58-C7DE7BDE7CEF}
		{710E5EB0-4FFC-4579-B950-B48F34BB8BEF} = {9E595B63-0E1E-44F0-BF88-0351134F44AA}
		{1F2FED89-A9ED-45DD-A9B5-748CEEC89242} = {9E595B63-0E1E-44F0-BF88-0351134F44AA}
		{A63CB9A8-C0AF-49BF-8C6B-2B3337B66EF3} = {9E595B63-0E1E-44F0-BF88-0351134F44AA}
		{86A15675-8961-4735-BD7D-6F7B7B025F28} = {9E595B63-0E1E-44F0-BF88-0351134F44AA}
		{2C43131C-6D0C-4609-B8B8-A9246281A3D2} = {9E595B63-0E1E-44F0-BF88-0351134F44AA}
		{920658DA-0C09-414A-9BFB-647A2DC7B0A0} = {9E595B63-0E1E-44F0-BF88-0351134F44AA}
		{3320C3C3-8BA7-4E81-A9D5-5618F51F9BCA} = {9E595B63-0E1E-44F0-BF88-0351134F44AA}
		{0EF1C787-3AD2-4F64-B551-98FC9FF342F4} = {1F1DF1E4-0212-4A30-B672-613BBDFB2794}
		{7A0B6AEB-6146-48E6-BD49-6FF83DB8953C} = {9E595B63-0E1E-44F0-BF88-0351134F44AA}
		{AE8FDF68-08B1-46E9-8A74-2779CA0DE919} = {9E595B63-0E1E-44F0-BF88-0351134F44AA}
		{1125CFC6-6F55-48A3-BED4-B8C54A779BE7} = {9E595B63-0E1E-44F0-BF88-0351134F44AA}
		{28A93840-57FA-4F69-AEF3-C9C3F6C18BDD} = {E8680447-EB8C-4A65-881C-CFC9165F9AF6}
		{C296719B-75D0-4CF2-9AF0-DCE90E8ABBFE} = {E8680447-EB8C-4A65-881C-CFC9165F9AF6}
		{F1580C9A-8410-457D-955E-7BF2931FEF45} = {9E595B63-0E1E-44F0-BF88-0351134F44AA}
		{3B305618-9F08-41C3-816B-5E7B0FA4C065} = {9E595B63-0E1E-44F0-BF88-0351134F44AA}
		{7CF5A9EA-2353-4451-B9A7-4A13EB06A851} = {9E595B63-0E1E-44F0-BF88-0351134F44AA}
		{0DDE1644-6969-499F-842F-86FD4E1CE946} = {9AB66497-ADE2-4CB1-9724-4F6940B88BB8}
		{8E1973BA-1354-474D-A343-1DC90F2AED2B} = {9E595B63-0E1E-44F0-BF88-0351134F44AA}
		{FBAA8168-AEDB-4DFF-AEC3-F8075357CE33} = {9E595B63-0E1E-44F0-BF88-0351134F44AA}
		{756ADCAA-7721-4CD0-86CE-8879FF780230} = {9E595B63-0E1E-44F0-BF88-0351134F44AA}
		{538197B0-3CA1-4CD9-96F4-E90207D87AFC} = {9E595B63-0E1E-44F0-BF88-0351134F44AA}
		{7D4D47C8-F847-43A6-B164-56AD49DDB5DD} = {9E595B63-0E1E-44F0-BF88-0351134F44AA}
		{1FE2F15A-C92B-4D17-A43C-B2C0EB7BAAEA} = {9E595B63-0E1E-44F0-BF88-0351134F44AA}
		{AFC6221F-9A61-4E1B-9522-F98C85257705} = {9E595B63-0E1E-44F0-BF88-0351134F44AA}
		{0835F7C6-71F3-41C1-AE6C-7BD5CC67D025} = {9E595B63-0E1E-44F0-BF88-0351134F44AA}
		{0DB07A04-428C-48DE-8EED-256402CC9A81} = {9E595B63-0E1E-44F0-BF88-0351134F44AA}
	EndGlobalSection
	GlobalSection(ExtensibilityGlobals) = postSolution
		SolutionGuid = {C394F6EB-A52C-4E35-A735-ECBF416CF248}
	EndGlobalSection
EndGlobal
